lockfileVersion: '9.0'

settings:
  autoInstallPeers: true
  excludeLinksFromLockfile: false

importers:

  .:
    dependencies:
      '@mysten/zksend':
        specifier: ^0.14.10
        version: 0.14.10(typescript@5.9.3)

packages:

  '@0no-co/graphql.web@1.2.0':
    resolution: {integrity: sha512-/1iHy9TTr63gE1YcR5idjx8UREz1s0kFhydf3bBLCXyqjhkIc6igAzTOx3zPifCwFR87tsh/4Pa9cNts6d2otw==}
    peerDependencies:
      graphql: ^14.0.0 || ^15.0.0 || ^16.0.0
    peerDependenciesMeta:
      graphql:
        optional: true

  '@0no-co/graphqlsp@1.15.1':
    resolution: {integrity: sha512-UBDBuVGpX5Ti0PjGnSAzkMG04psNYxKfJ+1bgF8HFPfHHpKNVl4GULHSNW0GTOngcYCYA70c+InoKw0qjHwmVQ==}
    peerDependencies:
      graphql: ^15.5.0 || ^16.0.0 || ^17.0.0
      typescript: ^5.0.0

  '@gql.tada/cli-utils@1.7.2':
    resolution: {integrity: sha512-Qbc7hbLvCz6IliIJpJuKJa9p05b2Jona7ov7+qofCsMRxHRZE1kpAmZMvL8JCI4c0IagpIlWNaMizXEQUe8XjQ==}
    peerDependencies:
      '@0no-co/graphqlsp': ^1.12.13
      '@gql.tada/svelte-support': 1.0.1
      '@gql.tada/vue-support': 1.0.1
      graphql: ^15.5.0 || ^16.0.0 || ^17.0.0
      typescript: ^5.0.0
    peerDependenciesMeta:
      '@gql.tada/svelte-support':
        optional: true
      '@gql.tada/vue-support':
        optional: true

  '@gql.tada/internal@1.0.8':
    resolution: {integrity: sha512-XYdxJhtHC5WtZfdDqtKjcQ4d7R1s0d1rnlSs3OcBEUbYiPoJJfZU7tWsVXuv047Z6msvmr4ompJ7eLSK5Km57g==}
    peerDependencies:
      graphql: ^15.5.0 || ^16.0.0 || ^17.0.0
      typescript: ^5.0.0

  '@graphql-typed-document-node/core@3.2.0':
    resolution: {integrity: sha512-mB9oAsNCm9aM3/SOv4YtBMqZbYj10R7dkq8byBqxGY/ncFwhf2oQzMV+LCRlWoDSEBJ3COiR1yeDvMtsoOsuFQ==}
    peerDependencies:
      graphql: ^0.8.0 || ^0.9.0 || ^0.10.0 || ^0.11.0 || ^0.12.0 || ^0.13.0 || ^14.0.0 || ^15.0.0 || ^16.0.0 || ^17.0.0

  '@mysten/bcs@1.9.2':
    resolution: {integrity: sha512-kBk5xrxV9OWR7i+JhL/plQrgQ2/KJhB2pB5gj+w6GXhbMQwS3DPpOvi/zN0Tj84jwPvHMllpEl0QHj6ywN7/eQ==}

  '@mysten/sui@1.45.0':
    resolution: {integrity: sha512-WYpZmrGWE/FeQaRhYrAYpHcHallj4BFIfSmjq6BkODzEhP9HfMplQAtd8AmtctwO7cpHJ+BjPUOguEAcf1gU4g==}
    engines: {node: '>=18'}

  '@mysten/utils@0.2.0':
    resolution: {integrity: sha512-CM6kJcJHX365cK6aXfFRLBiuyXc5WSBHQ43t94jqlCAIRw8umgNcTb5EnEA9n31wPAQgLDGgbG/rCUISCTJ66w==}

  '@mysten/wallet-standard@0.19.7':
    resolution: {integrity: sha512-p0W1WUkXqUXtmCL8wlkjToSXoqTj5zRH2dVI+yhxrFCiR236SdgZ+BGIZrx0yaE/igzttsTaVztbA7jMc8t6oQ==}

  '@mysten/window-wallet-core@0.1.0':
    resolution: {integrity: sha512-QVFthpAv+HJBqoLjsE6gZylE28lrzEd/C68S5tyOCpRV6T3O+P3LCcFmNkLK8gNM6DJNHc/GZgM3f4rTNGOfAQ==}

  '@mysten/zksend@0.14.10':
    resolution: {integrity: sha512-yFYXL705fCNC1LNNcbe/WND5bOfwZO6mu2Sw0evKzjRBiLukBCOK6ISjXqUpacGsvsmF7LrEjN07htpeBXdadw==}

  '@noble/curves@1.9.4':
    resolution: {integrity: sha512-2bKONnuM53lINoDrSmK8qP8W271ms7pygDhZt4SiLOoLwBtoHqeCFi6RG42V8zd3mLHuJFhU/Bmaqo4nX0/kBw==}
    engines: {node: ^14.21.3 || >=16}

  '@noble/hashes@1.8.0':
    resolution: {integrity: sha512-jCs9ldd7NwzpgXDIf6P3+NrHh9/sD6CQdxHyjQI+h/6rDNo88ypBxxz45UDuZHz9r3tNz7N/VInSVoVdtXEI4A==}
    engines: {node: ^14.21.3 || >=16}

  '@protobuf-ts/grpcweb-transport@2.11.1':
    resolution: {integrity: sha512-1W4utDdvOB+RHMFQ0soL4JdnxjXV+ddeGIUg08DvZrA8Ms6k5NN6GBFU2oHZdTOcJVpPrDJ02RJlqtaoCMNBtw==}

  '@protobuf-ts/runtime-rpc@2.11.1':
    resolution: {integrity: sha512-4CqqUmNA+/uMz00+d3CYKgElXO9VrEbucjnBFEjqI4GuDrEQ32MaI3q+9qPBvIGOlL4PmHXrzM32vBPWRhQKWQ==}

  '@protobuf-ts/runtime@2.11.1':
    resolution: {integrity: sha512-KuDaT1IfHkugM2pyz+FwiY80ejWrkH1pAtOBOZFuR6SXEFTsnb/jiQWQ1rCIrcKx2BtyxnxW6BWwsVSA/Ie+WQ==}

  '@scure/base@1.2.6':
    resolution: {integrity: sha512-g/nm5FgUa//MCj1gV09zTJTaM6KBAHqLN907YVQqf7zC49+DcO4B1so4ZX07Ef10Twr6nuqYEH9GEggFXA4Fmg==}

  '@scure/bip32@1.7.0':
    resolution: {integrity: sha512-E4FFX/N3f4B80AKWp5dP6ow+flD1LQZo/w8UnLGYZO674jS6YnYeepycOOksv+vLPSpgN35wgKgy+ybfTb2SMw==}

  '@scure/bip39@1.6.0':
    resolution: {integrity: sha512-+lF0BbLiJNwVlev4eKelw1WWLaiKXw7sSl8T6FvBlWkdX+94aGJ4o8XjUdlyhTCjd8c+B3KT3JfS8P0bLRNU6A==}

  '@wallet-standard/app@1.1.0':
    resolution: {integrity: sha512-3CijvrO9utx598kjr45hTbbeeykQrQfKmSnxeWOgU25TOEpvcipD/bYDQWIqUv1Oc6KK4YStokSMu/FBNecGUQ==}
    engines: {node: '>=16'}

  '@wallet-standard/base@1.1.0':
    resolution: {integrity: sha512-DJDQhjKmSNVLKWItoKThJS+CsJQjR9AOBOirBVT1F9YpRyC9oYHE+ZnSf8y8bxUphtKqdQMPVQ2mHohYdRvDVQ==}
    engines: {node: '>=16'}

  '@wallet-standard/core@1.1.1':
    resolution: {integrity: sha512-5Xmjc6+Oe0hcPfVc5n8F77NVLwx1JVAoCVgQpLyv/43/bhtIif+Gx3WUrDlaSDoM8i2kA2xd6YoFbHCxs+e0zA==}
    engines: {node: '>=16'}

  '@wallet-standard/errors@0.1.1':
    resolution: {integrity: sha512-V8Ju1Wvol8i/VDyQOHhjhxmMVwmKiwyxUZBnHhtiPZJTWY0U/Shb2iEWyGngYEbAkp2sGTmEeNX1tVyGR7PqNw==}
    engines: {node: '>=16'}
    hasBin: true

  '@wallet-standard/features@1.1.0':
    resolution: {integrity: sha512-hiEivWNztx73s+7iLxsuD1sOJ28xtRix58W7Xnz4XzzA/pF0+aicnWgjOdA10doVDEDZdUuZCIIqG96SFNlDUg==}
    engines: {node: '>=16'}

  '@wallet-standard/wallet@1.1.0':
    resolution: {integrity: sha512-Gt8TnSlDZpAl+RWOOAB/kuvC7RpcdWAlFbHNoi4gsXsfaWa1QCT6LBcfIYTPdOZC9OVZUDwqGuGAcqZejDmHjg==}
    engines: {node: '>=16'}

  chalk@5.6.2:
    resolution: {integrity: sha512-7NzBL0rN6fMUW+f7A6Io4h40qQlG+xGmtMxfbnH/K7TAtt8JQWVQK+6g0UXKMeVJoyV5EkkNsErQ8pVD3bLHbA==}
    engines: {node: ^12.17.0 || ^14.13 || >=16.0.0}

  commander@13.1.0:
    resolution: {integrity: sha512-/rFeCpNJQbhSZjGVwO9RFV3xPqbnERS8MmIQzCtD/zl6gpJuV/bMLuN92oG3F7d8oDEHHRrujSXNUr8fpjntKw==}
    engines: {node: '>=18'}

  gql.tada@1.9.0:
    resolution: {integrity: sha512-1LMiA46dRs5oF7Qev6vMU32gmiNvM3+3nHoQZA9K9j2xQzH8xOAWnnJrLSbZOFHTSdFxqn86TL6beo1/7ja/aA==}
    hasBin: true
    peerDependencies:
      typescript: ^5.0.0

  graphql@16.12.0:
    resolution: {integrity: sha512-DKKrynuQRne0PNpEbzuEdHlYOMksHSUI8Zc9Unei5gTsMNA2/vMpoMz/yKba50pejK56qj98qM0SjYxAKi13gQ==}
    engines: {node: ^12.22.0 || ^14.16.0 || ^16.0.0 || >=17.0.0}

  jose@6.1.2:
    resolution: {integrity: sha512-MpcPtHLE5EmztuFIqB0vzHAWJPpmN1E6L4oo+kze56LIs3MyXIj9ZHMDxqOvkP38gBR7K1v3jqd4WU2+nrfONQ==}

  mitt@3.0.1:
    resolution: {integrity: sha512-vKivATfr97l2/QBCYAkXYDbrIWPM2IIKEl7YPhjCvKlG3kE2gm+uBo6nEXK3M5/Ffh/FLpKExzOQ3JJoJGFKBw==}

  nanostores@1.1.0:
    resolution: {integrity: sha512-yJBmDJr18xy47dbNVlHcgdPrulSn1nhSE6Ns9vTG+Nx9VPT6iV1MD6aQFp/t52zpf82FhLLTXAXr30NuCnxvwA==}
    engines: {node: ^20.0.0 || >=22.0.0}

  poseidon-lite@0.2.1:
    resolution: {integrity: sha512-xIr+G6HeYfOhCuswdqcFpSX47SPhm0EpisWJ6h7fHlWwaVIvH3dLnejpatrtw6Xc6HaLrpq05y7VRfvDmDGIog==}

  typescript@5.9.3:
    resolution: {integrity: sha512-jl1vZzPDinLr9eUt3J/t7V6FgNEw9QjvBPdysz9KfQDD41fQrC2Y4vKQdiaUpFT4bXlb1RHhLpp8wtm6M5TgSw==}
    engines: {node: '>=14.17'}
    hasBin: true

  valibot@0.36.0:
    resolution: {integrity: sha512-CjF1XN4sUce8sBK9TixrDqFM7RwNkuXdJu174/AwmQUB62QbCQADg5lLe8ldBalFgtj1uKj+pKwDJiNo4Mn+eQ==}

snapshots:

  '@0no-co/graphql.web@1.2.0(graphql@16.12.0)':
    optionalDependencies:
      graphql: 16.12.0

  '@0no-co/graphqlsp@1.15.1(graphql@16.12.0)(typescript@5.9.3)':
    dependencies:
      '@gql.tada/internal': 1.0.8(graphql@16.12.0)(typescript@5.9.3)
      graphql: 16.12.0
      typescript: 5.9.3

  '@gql.tada/cli-utils@1.7.2(@0no-co/graphqlsp@1.15.1(graphql@16.12.0)(typescript@5.9.3))(graphql@16.12.0)(typescript@5.9.3)':
    dependencies:
      '@0no-co/graphqlsp': 1.15.1(graphql@16.12.0)(typescript@5.9.3)
      '@gql.tada/internal': 1.0.8(graphql@16.12.0)(typescript@5.9.3)
      graphql: 16.12.0
      typescript: 5.9.3

  '@gql.tada/internal@1.0.8(graphql@16.12.0)(typescript@5.9.3)':
    dependencies:
      '@0no-co/graphql.web': 1.2.0(graphql@16.12.0)
      graphql: 16.12.0
      typescript: 5.9.3

  '@graphql-typed-document-node/core@3.2.0(graphql@16.12.0)':
    dependencies:
      graphql: 16.12.0

  '@mysten/bcs@1.9.2':
    dependencies:
      '@mysten/utils': 0.2.0
      '@scure/base': 1.2.6

  '@mysten/sui@1.45.0(typescript@5.9.3)':
    dependencies:
      '@graphql-typed-document-node/core': 3.2.0(graphql@16.12.0)
      '@mysten/bcs': 1.9.2
      '@mysten/utils': 0.2.0
      '@noble/curves': 1.9.4
      '@noble/hashes': 1.8.0
      '@protobuf-ts/grpcweb-transport': 2.11.1
      '@protobuf-ts/runtime': 2.11.1
      '@protobuf-ts/runtime-rpc': 2.11.1
      '@scure/base': 1.2.6
      '@scure/bip32': 1.7.0
      '@scure/bip39': 1.6.0
      gql.tada: 1.9.0(graphql@16.12.0)(typescript@5.9.3)
      graphql: 16.12.0
      poseidon-lite: 0.2.1
      valibot: 0.36.0
    transitivePeerDependencies:
      - '@gql.tada/svelte-support'
      - '@gql.tada/vue-support'
      - typescript

  '@mysten/utils@0.2.0':
    dependencies:
      '@scure/base': 1.2.6

  '@mysten/wallet-standard@0.19.7(typescript@5.9.3)':
    dependencies:
      '@mysten/sui': 1.45.0(typescript@5.9.3)
      '@wallet-standard/core': 1.1.1
    transitivePeerDependencies:
      - '@gql.tada/svelte-support'
      - '@gql.tada/vue-support'
      - typescript

  '@mysten/window-wallet-core@0.1.0':
    dependencies:
      '@mysten/utils': 0.2.0
      jose: 6.1.2
      valibot: 0.36.0

  '@mysten/zksend@0.14.10(typescript@5.9.3)':
    dependencies:
      '@mysten/sui': 1.45.0(typescript@5.9.3)
      '@mysten/utils': 0.2.0
      '@mysten/wallet-standard': 0.19.7(typescript@5.9.3)
      '@mysten/window-wallet-core': 0.1.0
      mitt: 3.0.1
      nanostores: 1.1.0
      valibot: 0.36.0
    transitivePeerDependencies:
      - '@gql.tada/svelte-support'
      - '@gql.tada/vue-support'
      - typescript

  '@noble/curves@1.9.4':
    dependencies:
      '@noble/hashes': 1.8.0

  '@noble/hashes@1.8.0': {}

  '@protobuf-ts/grpcweb-transport@2.11.1':
    dependencies:
      '@protobuf-ts/runtime': 2.11.1
      '@protobuf-ts/runtime-rpc': 2.11.1

  '@protobuf-ts/runtime-rpc@2.11.1':
    dependencies:
      '@protobuf-ts/runtime': 2.11.1

  '@protobuf-ts/runtime@2.11.1': {}

  '@scure/base@1.2.6': {}

  '@scure/bip32@1.7.0':
    dependencies:
      '@noble/curves': 1.9.4
      '@noble/hashes': 1.8.0
      '@scure/base': 1.2.6

  '@scure/bip39@1.6.0':
    dependencies:
      '@noble/hashes': 1.8.0
      '@scure/base': 1.2.6

  '@wallet-standard/app@1.1.0':
    dependencies:
      '@wallet-standard/base': 1.1.0

  '@wallet-standard/base@1.1.0': {}

  '@wallet-standard/core@1.1.1':
    dependencies:
      '@wallet-standard/app': 1.1.0
      '@wallet-standard/base': 1.1.0
      '@wallet-standard/errors': 0.1.1
      '@wallet-standard/features': 1.1.0
      '@wallet-standard/wallet': 1.1.0

  '@wallet-standard/errors@0.1.1':
    dependencies:
      chalk: 5.6.2
      commander: 13.1.0

  '@wallet-standard/features@1.1.0':
    dependencies:
      '@wallet-standard/base': 1.1.0

  '@wallet-standard/wallet@1.1.0':
    dependencies:
      '@wallet-standard/base': 1.1.0

  chalk@5.6.2: {}

  commander@13.1.0: {}

  gql.tada@1.9.0(graphql@16.12.0)(typescript@5.9.3):
    dependencies:
      '@0no-co/graphql.web': 1.2.0(graphql@16.12.0)
      '@0no-co/graphqlsp': 1.15.1(graphql@16.12.0)(typescript@5.9.3)
      '@gql.tada/cli-utils': 1.7.2(@0no-co/graphqlsp@1.15.1(graphql@16.12.0)(typescript@5.9.3))(graphql@16.12.0)(typescript@5.9.3)
      '@gql.tada/internal': 1.0.8(graphql@16.12.0)(typescript@5.9.3)
      typescript: 5.9.3
    transitivePeerDependencies:
      - '@gql.tada/svelte-support'
      - '@gql.tada/vue-support'
      - graphql

  graphql@16.12.0: {}

  jose@6.1.2: {}

  mitt@3.0.1: {}

  nanostores@1.1.0: {}

  poseidon-lite@0.2.1: {}

  typescript@5.9.3: {}

  valibot@0.36.0: {}
